
Microsoft Visual Studio Solution File, Format Version 12.00
# Visual Studio Version 16
VisualStudioVersion = 16.0.30002.166
MinimumVisualStudioVersion = 10.0.40219.1
Project("{9A19103F-16F7-4668-BE54-9A1E7A4F7556}") = "ProjetFinEtudes", "..\ProjetFinEtudes\ProjetFinEtudes.csproj", "{89513D6E-80EF-43BD-876D-0CCB41566B09}"
EndProject
Project("{FAE04EC0-301F-11D3-BF4B-00C04F79EFBC}") = "ClassLibrary1", "ClassLibrary1\ClassLibrary1.csproj", "{52CE114F-6D20-4434-9BA5-9BD354B5091B}"
EndProject
Project("{FAE04EC0-301F-11D3-BF4B-00C04F79EFBC}") = "Model", "Model\Model.csproj", "{4C2CE6E6-B8B1-43C2-854D-3952A759CF1B}"
EndProject
Project("{FAE04EC0-301F-11D3-BF4B-00C04F79EFBC}") = "Repository", "Repository1\Repository.csproj", "{652F81D2-D070-4694-8BD4-684523028751}"
EndProject
Project("{FAE04EC0-301F-11D3-BF4B-00C04F79EFBC}") = "UseCase", "ArticleUseCase\UseCase.csproj", "{50BA41FC-D43C-4E4F-999E-693220A3F5A2}"
EndProject
Global
	GlobalSection(SolutionConfigurationPlatforms) = preSolution
		Debug|Any CPU = Debug|Any CPU
		Release|Any CPU = Release|Any CPU
	EndGlobalSection
	GlobalSection(ProjectConfigurationPlatforms) = postSolution
		{89513D6E-80EF-43BD-876D-0CCB41566B09}.Debug|Any CPU.ActiveCfg = Debug|Any CPU
		{89513D6E-80EF-43BD-876D-0CCB41566B09}.Debug|Any CPU.Build.0 = Debug|Any CPU
		{89513D6E-80EF-43BD-876D-0CCB41566B09}.Release|Any CPU.ActiveCfg = Release|Any CPU
		{89513D6E-80EF-43BD-876D-0CCB41566B09}.Release|Any CPU.Build.0 = Release|Any CPU
		{52CE114F-6D20-4434-9BA5-9BD354B5091B}.Debug|Any CPU.ActiveCfg = Debug|Any CPU
		{52CE114F-6D20-4434-9BA5-9BD354B5091B}.Debug|Any CPU.Build.0 = Debug|Any CPU
		{52CE114F-6D20-4434-9BA5-9BD354B5091B}.Release|Any CPU.ActiveCfg = Release|Any CPU
		{52CE114F-6D20-4434-9BA5-9BD354B5091B}.Release|Any CPU.Build.0 = Release|Any CPU
		{4C2CE6E6-B8B1-43C2-854D-3952A759CF1B}.Debug|Any CPU.ActiveCfg = Debug|Any CPU
		{4C2CE6E6-B8B1-43C2-854D-3952A759CF1B}.Debug|Any CPU.Build.0 = Debug|Any CPU
		{4C2CE6E6-B8B1-43C2-854D-3952A759CF1B}.Release|Any CPU.ActiveCfg = Release|Any CPU
		{4C2CE6E6-B8B1-43C2-854D-3952A759CF1B}.Release|Any CPU.Build.0 = Release|Any CPU
		{652F81D2-D070-4694-8BD4-684523028751}.Debug|Any CPU.ActiveCfg = Debug|Any CPU
		{652F81D2-D070-4694-8BD4-684523028751}.Debug|Any CPU.Build.0 = Debug|Any CPU
		{652F81D2-D070-4694-8BD4-684523028751}.Release|Any CPU.ActiveCfg = Release|Any CPU
		{652F81D2-D070-4694-8BD4-684523028751}.Release|Any CPU.Build.0 = Release|Any CPU
		{50BA41FC-D43C-4E4F-999E-693220A3F5A2}.Debug|Any CPU.ActiveCfg = Debug|Any CPU
		{50BA41FC-D43C-4E4F-999E-693220A3F5A2}.Debug|Any CPU.Build.0 = Debug|Any CPU
		{50BA41FC-D43C-4E4F-999E-693220A3F5A2}.Release|Any CPU.ActiveCfg = Release|Any CPU
		{50BA41FC-D43C-4E4F-999E-693220A3F5A2}.Release|Any CPU.Build.0 = Release|Any CPU
	EndGlobalSection
	GlobalSection(SolutionProperties) = preSolution
		HideSolutionNode = FALSE
	EndGlobalSection
	GlobalSection(ExtensibilityGlobals) = postSolution
		SolutionGuid = {18B82E20-BC1E-437B-9D84-6B9F99554C8F}
	EndGlobalSection
EndGlobal
